
Microsoft Visual Studio Solution File, Format Version 12.00
# Visual Studio Version 16
VisualStudioVersion = 16.0.28922.388
MinimumVisualStudioVersion = 10.0.40219.1
Project("{9A19103F-16F7-4668-BE54-9A1E7A4F7556}") = "ms-userCrud", "ms-userCrud\ms-userCrud.csproj", "{5D482850-64B1-4218-B784-6ABF9F42B374}"
EndProject
Project("{FAE04EC0-301F-11D3-BF4B-00C04F79EFBC}") = "XUnitTestUserCrud", "XUnitTestUserCrud\XUnitTestUserCrud.csproj", "{C2EB8916-39C4-430E-962A-983B60F67C43}"
EndProject
Global
	GlobalSection(SolutionConfigurationPlatforms) = preSolution
		Debug|Any CPU = Debug|Any CPU
		Release|Any CPU = Release|Any CPU
	EndGlobalSection
	GlobalSection(ProjectConfigurationPlatforms) = postSolution
		{5D482850-64B1-4218-B784-6ABF9F42B374}.Debug|Any CPU.ActiveCfg = Debug|Any CPU
		{5D482850-64B1-4218-B784-6ABF9F42B374}.Debug|Any CPU.Build.0 = Debug|Any CPU
		{5D482850-64B1-4218-B784-6ABF9F42B374}.Release|Any CPU.ActiveCfg = Release|Any CPU
		{5D482850-64B1-4218-B784-6ABF9F42B374}.Release|Any CPU.Build.0 = Release|Any CPU
		{C2EB8916-39C4-430E-962A-983B60F67C43}.Debug|Any CPU.ActiveCfg = Debug|Any CPU
		{C2EB8916-39C4-430E-962A-983B60F67C43}.Debug|Any CPU.Build.0 = Debug|Any CPU
		{C2EB8916-39C4-430E-962A-983B60F67C43}.Release|Any CPU.ActiveCfg = Release|Any CPU
		{C2EB8916-39C4-430E-962A-983B60F67C43}.Release|Any CPU.Build.0 = Release|Any CPU
	EndGlobalSection
	GlobalSection(SolutionProperties) = preSolution
		HideSolutionNode = FALSE
	EndGlobalSection
	GlobalSection(ExtensibilityGlobals) = postSolution
		SolutionGuid = {221ABFE6-F70D-44B2-87A3-5C6A89599D1F}
	EndGlobalSection
EndGlobal
